
Microsoft Visual Studio Solution File, Format Version 12.00
# Visual Studio Version 16
VisualStudioVersion = 16.0.34301.259
MinimumVisualStudioVersion = 10.0.40219.1
Project("{FAE04EC0-301F-11D3-BF4B-00C04F79EFBC}") = "MultiUserExample", "MultiUserExample\MultiUserExample.csproj", "{69F57D95-017E-46BD-8E76-E061D7ECEA42}"
EndProject
Global
	GlobalSection(SolutionConfigurationPlatforms) = preSolution
		Debug|Any CPU = Debug|Any CPU
		Release|Any CPU = Release|Any CPU
	EndGlobalSection
	GlobalSection(ProjectConfigurationPlatforms) = postSolution
		{69F57D95-017E-46BD-8E76-E061D7ECEA42}.Debug|Any CPU.ActiveCfg = Debug|Any CPU
		{69F57D95-017E-46BD-8E76-E061D7ECEA42}.Debug|Any CPU.Build.0 = Debug|Any CPU
		{69F57D95-017E-46BD-8E76-E061D7ECEA42}.Release|Any CPU.ActiveCfg = Release|Any CPU
		{69F57D95-017E-46BD-8E76-E061D7ECEA42}.Release|Any CPU.Build.0 = Release|Any CPU
	EndGlobalSection
	GlobalSection(SolutionProperties) = preSolution
		HideSolutionNode = FALSE
	EndGlobalSection
	GlobalSection(ExtensibilityGlobals) = postSolution
		SolutionGuid = {3A98D8B9-7AB9-4D77-BA29-8B8754D794D9}
	EndGlobalSection
EndGlobal
